
Microsoft Visual Studio Solution File, Format Version 12.00
# Visual Studio Version 16
VisualStudioVersion = 16.0.31624.102
MinimumVisualStudioVersion = 10.0.40219.1
Project("{FAE04EC0-301F-11D3-BF4B-00C04F79EFBC}") = "Ambulance Rescue", "Ambulance Rescue\Ambulance Rescue.csproj", "{62F17064-5CF0-4FB2-A2FD-B13D2795D231}"
EndProject
Project("{FAE04EC0-301F-11D3-BF4B-00C04F79EFBC}") = "DataAccessLayer", "DataAccessLayer\DataAccessLayer.csproj", "{6555917E-CAC4-4B62-8F08-2F43DAFD3EF2}"
EndProject
Project("{FAE04EC0-301F-11D3-BF4B-00C04F79EFBC}") = "BusinessLogic", "BusinessLogic\BusinessLogic.csproj", "{ED96FB72-9818-41DA-89B8-71CBC2FFBE87}"
EndProject
Global
	GlobalSection(SolutionConfigurationPlatforms) = preSolution
		Debug|Any CPU = Debug|Any CPU
		Release|Any CPU = Release|Any CPU
	EndGlobalSection
	GlobalSection(ProjectConfigurationPlatforms) = postSolution
		{62F17064-5CF0-4FB2-A2FD-B13D2795D231}.Debug|Any CPU.ActiveCfg = Debug|Any CPU
		{62F17064-5CF0-4FB2-A2FD-B13D2795D231}.Debug|Any CPU.Build.0 = Debug|Any CPU
		{62F17064-5CF0-4FB2-A2FD-B13D2795D231}.Release|Any CPU.ActiveCfg = Release|Any CPU
		{62F17064-5CF0-4FB2-A2FD-B13D2795D231}.Release|Any CPU.Build.0 = Release|Any CPU
		{6555917E-CAC4-4B62-8F08-2F43DAFD3EF2}.Debug|Any CPU.ActiveCfg = Debug|Any CPU
		{6555917E-CAC4-4B62-8F08-2F43DAFD3EF2}.Debug|Any CPU.Build.0 = Debug|Any CPU
		{6555917E-CAC4-4B62-8F08-2F43DAFD3EF2}.Release|Any CPU.ActiveCfg = Release|Any CPU
		{6555917E-CAC4-4B62-8F08-2F43DAFD3EF2}.Release|Any CPU.Build.0 = Release|Any CPU
		{ED96FB72-9818-41DA-89B8-71CBC2FFBE87}.Debug|Any CPU.ActiveCfg = Debug|Any CPU
		{ED96FB72-9818-41DA-89B8-71CBC2FFBE87}.Debug|Any CPU.Build.0 = Debug|Any CPU
		{ED96FB72-9818-41DA-89B8-71CBC2FFBE87}.Release|Any CPU.ActiveCfg = Release|Any CPU
		{ED96FB72-9818-41DA-89B8-71CBC2FFBE87}.Release|Any CPU.Build.0 = Release|Any CPU
	EndGlobalSection
	GlobalSection(SolutionProperties) = preSolution
		HideSolutionNode = FALSE
	EndGlobalSection
	GlobalSection(ExtensibilityGlobals) = postSolution
		SolutionGuid = {54C557F3-56D3-4DBC-9E94-D357DB70B2C8}
	EndGlobalSection
EndGlobal
